// !$*UTF8*$!
{
	archiveVersion = 1;
	classes = {
	};
	objectVersion = 46;
	objects = {

/* Begin PBXBuildFile section */
		39FCBC221EC69A360077EC5A /* AppDelegate.swift in Sources */ = {isa = PBXBuildFile; fileRef = 39FCBC211EC69A360077EC5A /* AppDelegate.swift */; };
		39FCBC271EC69A360077EC5A /* Main.storyboard in Resources */ = {isa = PBXBuildFile; fileRef = 39FCBC251EC69A360077EC5A /* Main.storyboard */; };
		39FCBC291EC69A360077EC5A /* Assets.xcassets in Resources */ = {isa = PBXBuildFile; fileRef = 39FCBC281EC69A360077EC5A /* Assets.xcassets */; };
		39FCBC2C1EC69A360077EC5A /* LaunchScreen.storyboard in Resources */ = {isa = PBXBuildFile; fileRef = 39FCBC2A1EC69A360077EC5A /* LaunchScreen.storyboard */; };
		39FCBC371EC69A360077EC5A /* Week_SixTests.swift in Sources */ = {isa = PBXBuildFile; fileRef = 39FCBC361EC69A360077EC5A /* Week_SixTests.swift */; };
		39FCBC421EC69A360077EC5A /* Week_SixUITests.swift in Sources */ = {isa = PBXBuildFile; fileRef = 39FCBC411EC69A360077EC5A /* Week_SixUITests.swift */; };
/* End PBXBuildFile section */

/* Begin PBXContainerItemProxy section */
		39FCBC331EC69A360077EC5A /* PBXContainerItemProxy */ = {
			isa = PBXContainerItemProxy;
			containerPortal = 39FCBC161EC69A360077EC5A /* Project object */;
			proxyType = 1;
			remoteGlobalIDString = 39FCBC1D1EC69A360077EC5A;
			remoteInfo = "Week Six";
		};
		39FCBC3E1EC69A360077EC5A /* PBXContainerItemProxy */ = {
			isa = PBXContainerItemProxy;
			containerPortal = 39FCBC161EC69A360077EC5A /* Project object */;
			proxyType = 1;
			remoteGlobalIDString = 39FCBC1D1EC69A360077EC5A;
			remoteInfo = "Week Six";
		};
/* End PBXContainerItemProxy section */

/* Begin PBXFileReference section */
		39FCBC1E1EC69A360077EC5A /* Week Six.app */ = {isa = PBXFileReference; explicitFileType = wrapper.application; includeInIndex = 0; path = "Week Six.app"; sourceTree = BUILT_PRODUCTS_DIR; };
		39FCBC211EC69A360077EC5A /* AppDelegate.swift */ = {isa = PBXFileReference; lastKnownFileType = sourcecode.swift; path = AppDelegate.swift; sourceTree = "<group>"; };
		39FCBC261EC69A360077EC5A /* Base */ = {isa = PBXFileReference; lastKnownFileType = file.storyboard; name = Base; path = Base.lproj/Main.storyboard; sourceTree = "<group>"; };
		39FCBC281EC69A360077EC5A /* Assets.xcassets */ = {isa = PBXFileReference; lastKnownFileType = folder.assetcatalog; path = Assets.xcassets; sourceTree = "<group>"; };
		39FCBC2B1EC69A360077EC5A /* Base */ = {isa = PBXFileReference; lastKnownFileType = file.storyboard; name = Base; path = Base.lproj/LaunchScreen.storyboard; sourceTree = "<group>"; };
		39FCBC2D1EC69A360077EC5A /* Info.plist */ = {isa = PBXFileReference; lastKnownFileType = text.plist.xml; path = Info.plist; sourceTree = "<group>"; };
		39FCBC321EC69A360077EC5A /* Week SixTests.xctest */ = {isa = PBXFileReference; explicitFileType = wrapper.cfbundle; includeInIndex = 0; path = "Week SixTests.xctest"; sourceTree = BUILT_PRODUCTS_DIR; };
		39FCBC361EC69A360077EC5A /* Week_SixTests.swift */ = {isa = PBXFileReference; lastKnownFileType = sourcecode.swift; path = Week_SixTests.swift; sourceTree = "<group>"; };
		39FCBC381EC69A360077EC5A /* Info.plist */ = {isa = PBXFileReference; lastKnownFileType = text.plist.xml; path = Info.plist; sourceTree = "<group>"; };
		39FCBC3D1EC69A360077EC5A /* Week SixUITests.xctest */ = {isa = PBXFileReference; explicitFileType = wrapper.cfbundle; includeInIndex = 0; path = "Week SixUITests.xctest"; sourceTree = BUILT_PRODUCTS_DIR; };
		39FCBC411EC69A360077EC5A /* Week_SixUITests.swift */ = {isa = PBXFileReference; lastKnownFileType = sourcecode.swift; path = Week_SixUITests.swift; sourceTree = "<group>"; };
		39FCBC431EC69A360077EC5A /* Info.plist */ = {isa = PBXFileReference; lastKnownFileType = text.plist.xml; path = Info.plist; sourceTree = "<group>"; };
/* End PBXFileReference section */

/* Begin PBXFrameworksBuildPhase section */
		39FCBC1B1EC69A360077EC5A /* Frameworks */ = {
			isa = PBXFrameworksBuildPhase;
			buildActionMask = 2147483647;
			files = (
			);
			runOnlyForDeploymentPostprocessing = 0;
		};
		39FCBC2F1EC69A360077EC5A /* Frameworks */ = {
			isa = PBXFrameworksBuildPhase;
			buildActionMask = 2147483647;
			files = (
			);
			runOnlyForDeploymentPostprocessing = 0;
		};
		39FCBC3A1EC69A360077EC5A /* Frameworks */ = {
			isa = PBXFrameworksBuildPhase;
			buildActionMask = 2147483647;
			files = (
			);
			runOnlyForDeploymentPostprocessing = 0;
		};
/* End PBXFrameworksBuildPhase section */

/* Begin PBXGroup section */
		39FCBC151EC69A360077EC5A = {
			isa = PBXGroup;
			children = (
				39FCBC201EC69A360077EC5A /* Week Six */,
				39FCBC351EC69A360077EC5A /* Week SixTests */,
				39FCBC401EC69A360077EC5A /* Week SixUITests */,
				39FCBC1F1EC69A360077EC5A /* Products */,
			);
			sourceTree = "<group>";
		};
		39FCBC1F1EC69A360077EC5A /* Products */ = {
			isa = PBXGroup;
			children = (
				39FCBC1E1EC69A360077EC5A /* Week Six.app */,
				39FCBC321EC69A360077EC5A /* Week SixTests.xctest */,
				39FCBC3D1EC69A360077EC5A /* Week SixUITests.xctest */,
			);
			name = Products;
			sourceTree = "<group>";
		};
		39FCBC201EC69A360077EC5A /* Week Six */ = {
			isa = PBXGroup;
			children = (
				39FCBC211EC69A360077EC5A /* AppDelegate.swift */,
				39FCBC251EC69A360077EC5A /* Main.storyboard */,
				39FCBC281EC69A360077EC5A /* Assets.xcassets */,
				39FCBC2A1EC69A360077EC5A /* LaunchScreen.storyboard */,
				39FCBC2D1EC69A360077EC5A /* Info.plist */,
			);
			path = "Week Six";
			sourceTree = "<group>";
		};
		39FCBC351EC69A360077EC5A /* Week SixTests */ = {
			isa = PBXGroup;
			children = (
				39FCBC361EC69A360077EC5A /* Week_SixTests.swift */,
				39FCBC381EC69A360077EC5A /* Info.plist */,
			);
			path = "Week SixTests";
			sourceTree = "<group>";
		};
		39FCBC401EC69A360077EC5A /* Week SixUITests */ = {
			isa = PBXGroup;
			children = (
				39FCBC411EC69A360077EC5A /* Week_SixUITests.swift */,
				39FCBC431EC69A360077EC5A /* Info.plist */,
			);
			path = "Week SixUITests";
			sourceTree = "<group>";
		};
/* End PBXGroup section */

/* Begin PBXNativeTarget section */
		39FCBC1D1EC69A360077EC5A /* Week Six */ = {
			isa = PBXNativeTarget;
			buildConfigurationList = 39FCBC461EC69A360077EC5A /* Build configuration list for PBXNativeTarget "Week Six" */;
			buildPhases = (
				39FCBC1A1EC69A360077EC5A /* Sources */,
				39FCBC1B1EC69A360077EC5A /* Frameworks */,
				39FCBC1C1EC69A360077EC5A /* Resources */,
			);
			buildRules = (
			);
			dependencies = (
			);
			name = "Week Six";
			productName = "Week Six";
			productReference = 39FCBC1E1EC69A360077EC5A /* Week Six.app */;
			productType = "com.apple.product-type.application";
		};
		39FCBC311EC69A360077EC5A /* Week SixTests */ = {
			isa = PBXNativeTarget;
			buildConfigurationList = 39FCBC491EC69A360077EC5A /* Build configuration list for PBXNativeTarget "Week SixTests" */;
			buildPhases = (
				39FCBC2E1EC69A360077EC5A /* Sources */,
				39FCBC2F1EC69A360077EC5A /* Frameworks */,
				39FCBC301EC69A360077EC5A /* Resources */,
			);
			buildRules = (
			);
			dependencies = (
				39FCBC341EC69A360077EC5A /* PBXTargetDependency */,
			);
			name = "Week SixTests";
			productName = "Week SixTests";
			productReference = 39FCBC321EC69A360077EC5A /* Week SixTests.xctest */;
			productType = "com.apple.product-type.bundle.unit-test";
		};
		39FCBC3C1EC69A360077EC5A /* Week SixUITests */ = {
			isa = PBXNativeTarget;
			buildConfigurationList = 39FCBC4C1EC69A360077EC5A /* Build configuration list for PBXNativeTarget "Week SixUITests" */;
			buildPhases = (
				39FCBC391EC69A360077EC5A /* Sources */,
				39FCBC3A1EC69A360077EC5A /* Frameworks */,
				39FCBC3B1EC69A360077EC5A /* Resources */,
			);
			buildRules = (
			);
			dependencies = (
				39FCBC3F1EC69A360077EC5A /* PBXTargetDependency */,
			);
			name = "Week SixUITests";
			productName = "Week SixUITests";
			productReference = 39FCBC3D1EC69A360077EC5A /* Week SixUITests.xctest */;
			productType = "com.apple.product-type.bundle.ui-testing";
		};
/* End PBXNativeTarget section */

/* Begin PBXProject section */
		39FCBC161EC69A360077EC5A /* Project object */ = {
			isa = PBXProject;
			attributes = {
				LastSwiftUpdateCheck = 0830;
				LastUpgradeCheck = 0830;
				ORGANIZATIONNAME = "Scott Dudley";
				TargetAttributes = {
					39FCBC1D1EC69A360077EC5A = {
						CreatedOnToolsVersion = 8.3.1;
						ProvisioningStyle = Automatic;
					};
					39FCBC311EC69A360077EC5A = {
						CreatedOnToolsVersion = 8.3.1;
						ProvisioningStyle = Automatic;
						TestTargetID = 39FCBC1D1EC69A360077EC5A;
					};
					39FCBC3C1EC69A360077EC5A = {
						CreatedOnToolsVersion = 8.3.1;
						ProvisioningStyle = Automatic;
						TestTargetID = 39FCBC1D1EC69A360077EC5A;
					};
				};
			};
			buildConfigurationList = 39FCBC191EC69A360077EC5A /* Build configuration list for PBXProject "Week Six" */;
			compatibilityVersion = "Xcode 3.2";
			developmentRegion = English;
			hasScannedForEncodings = 0;
			knownRegions = (
				en,
				Base,
			);
			mainGroup = 39FCBC151EC69A360077EC5A;
			productRefGroup = 39FCBC1F1EC69A360077EC5A /* Products */;
			projectDirPath = "";
			projectRoot = "";
			targets = (
				39FCBC1D1EC69A360077EC5A /* Week Six */,
				39FCBC311EC69A360077EC5A /* Week SixTests */,
				39FCBC3C1EC69A360077EC5A /* Week SixUITests */,
			);
		};
/* End PBXProject section */

/* Begin PBXResourcesBuildPhase section */
		39FCBC1C1EC69A360077EC5A /* Resources */ = {
			isa = PBXResourcesBuildPhase;
			buildActionMask = 2147483647;
			files = (
				39FCBC2C1EC69A360077EC5A /* LaunchScreen.storyboard in Resources */,
				39FCBC291EC69A360077EC5A /* Assets.xcassets in Resources */,
				39FCBC271EC69A360077EC5A /* Main.storyboard in Resources */,
			);
			runOnlyForDeploymentPostprocessing = 0;
		};
		39FCBC301EC69A360077EC5A /* Resources */ = {
			isa = PBXResourcesBuildPhase;
			buildActionMask = 2147483647;
			files = (
			);
			runOnlyForDeploymentPostprocessing = 0;
		};
		39FCBC3B1EC69A360077EC5A /* Resources */ = {
			isa = PBXResourcesBuildPhase;
			buildActionMask = 2147483647;
			files = (
			);
			runOnlyForDeploymentPostprocessing = 0;
		};
/* End PBXResourcesBuildPhase section */

/* Begin PBXSourcesBuildPhase section */
		39FCBC1A1EC69A360077EC5A /* Sources */ = {
			isa = PBXSourcesBuildPhase;
			buildActionMask = 2147483647;
			files = (
				39FCBC221EC69A360077EC5A /* AppDelegate.swift in Sources */,
			);
			runOnlyForDeploymentPostprocessing = 0;
		};
		39FCBC2E1EC69A360077EC5A /* Sources */ = {
			isa = PBXSourcesBuildPhase;
			buildActionMask = 2147483647;
			files = (
				39FCBC371EC69A360077EC5A /* Week_SixTests.swift in Sources */,
			);
			runOnlyForDeploymentPostprocessing = 0;
		};
		39FCBC391EC69A360077EC5A /* Sources */ = {
			isa = PBXSourcesBuildPhase;
			buildActionMask = 2147483647;
			files = (
				39FCBC421EC69A360077EC5A /* Week_SixUITests.swift in Sources */,
			);
			runOnlyForDeploymentPostprocessing = 0;
		};
/* End PBXSourcesBuildPhase section */

/* Begin PBXTargetDependency section */
		39FCBC341EC69A360077EC5A /* PBXTargetDependency */ = {
			isa = PBXTargetDependency;
			target = 39FCBC1D1EC69A360077EC5A /* Week Six */;
			targetProxy = 39FCBC331EC69A360077EC5A /* PBXContainerItemProxy */;
		};
		39FCBC3F1EC69A360077EC5A /* PBXTargetDependency */ = {
			isa = PBXTargetDependency;
			target = 39FCBC1D1EC69A360077EC5A /* Week Six */;
			targetProxy = 39FCBC3E1EC69A360077EC5A /* PBXContainerItemProxy */;
		};
/* End PBXTargetDependency section */

/* Begin PBXVariantGroup section */
		39FCBC251EC69A360077EC5A /* Main.storyboard */ = {
			isa = PBXVariantGroup;
			children = (
				39FCBC261EC69A360077EC5A /* Base */,
			);
			name = Main.storyboard;
			sourceTree = "<group>";
		};
		39FCBC2A1EC69A360077EC5A /* LaunchScreen.storyboard */ = {
			isa = PBXVariantGroup;
			children = (
				39FCBC2B1EC69A360077EC5A /* Base */,
			);
			name = LaunchScreen.storyboard;
			sourceTree = "<group>";
		};
/* End PBXVariantGroup section */

/* Begin XCBuildConfiguration section */
		39FCBC441EC69A360077EC5A /* Debug */ = {
			isa = XCBuildConfiguration;
			buildSettings = {
				ALWAYS_SEARCH_USER_PATHS = NO;
				CLANG_ANALYZER_NONNULL = YES;
				CLANG_ANALYZER_NUMBER_OBJECT_CONVERSION = YES_AGGRESSIVE;
				CLANG_CXX_LANGUAGE_STANDARD = "gnu++0x";
				CLANG_CXX_LIBRARY = "libc++";
				CLANG_ENABLE_MODULES = YES;
				CLANG_ENABLE_OBJC_ARC = YES;
				CLANG_WARN_BOOL_CONVERSION = YES;
				CLANG_WARN_CONSTANT_CONVERSION = YES;
				CLANG_WARN_DIRECT_OBJC_ISA_USAGE = YES_ERROR;
				CLANG_WARN_DOCUMENTATION_COMMENTS = YES;
				CLANG_WARN_EMPTY_BODY = YES;
				CLANG_WARN_ENUM_CONVERSION = YES;
				CLANG_WARN_INFINITE_RECURSION = YES;
				CLANG_WARN_INT_CONVERSION = YES;
				CLANG_WARN_OBJC_ROOT_CLASS = YES_ERROR;
				CLANG_WARN_SUSPICIOUS_MOVE = YES;
				CLANG_WARN_UNREACHABLE_CODE = YES;
				CLANG_WARN__DUPLICATE_METHOD_MATCH = YES;
				"CODE_SIGN_IDENTITY[sdk=iphoneos*]" = "iPhone Developer";
				COPY_PHASE_STRIP = NO;
				DEBUG_INFORMATION_FORMAT = dwarf;
				ENABLE_STRICT_OBJC_MSGSEND = YES;
				ENABLE_TESTABILITY = YES;
				GCC_C_LANGUAGE_STANDARD = gnu99;
				GCC_DYNAMIC_NO_PIC = NO;
				GCC_NO_COMMON_BLOCKS = YES;
				GCC_OPTIMIZATION_LEVEL = 0;
				GCC_PREPROCESSOR_DEFINITIONS = (
					"DEBUG=1",
					"$(inherited)",
				);
				GCC_WARN_64_TO_32_BIT_CONVERSION = YES;
				GCC_WARN_ABOUT_RETURN_TYPE = YES_ERROR;
				GCC_WARN_UNDECLARED_SELECTOR = YES;
				GCC_WARN_UNINITIALIZED_AUTOS = YES_AGGRESSIVE;
				GCC_WARN_UNUSED_FUNCTION = YES;
				GCC_WARN_UNUSED_VARIABLE = YES;
				IPHONEOS_DEPLOYMENT_TARGET = 10.3;
				MTL_ENABLE_DEBUG_INFO = YES;
				ONLY_ACTIVE_ARCH = YES;
				SDKROOT = iphoneos;
				SWIFT_ACTIVE_COMPILATION_CONDITIONS = DEBUG;
				SWIFT_OPTIMIZATION_LEVEL = "-Onone";
				TARGETED_DEVICE_FAMILY = "1,2";
			};
			name = Debug;
		};
		39FCBC451EC69A360077EC5A /* Release */ = {
			isa = XCBuildConfiguration;
			buildSettings = {
				ALWAYS_SEARCH_USER_PATHS = NO;
				CLANG_ANALYZER_NONNULL = YES;
				CLANG_ANALYZER_NUMBER_OBJECT_CONVERSION = YES_AGGRESSIVE;
				CLANG_CXX_LANGUAGE_STANDARD = "gnu++0x";
				CLANG_CXX_LIBRARY = "libc++";
				CLANG_ENABLE_MODULES = YES;
				CLANG_ENABLE_OBJC_ARC = YES;
				CLANG_WARN_BOOL_CONVERSION = YES;
				CLANG_WARN_CONSTANT_CONVERSION = YES;
				CLANG_WARN_DIRECT_OBJC_ISA_USAGE = YES_ERROR;
				CLANG_WARN_DOCUMENTATION_COMMENTS = YES;
				CLANG_WARN_EMPTY_BODY = YES;
				CLANG_WARN_ENUM_CONVERSION = YES;
				CLANG_WARN_INFINITE_RECURSION = YES;
				CLANG_WARN_INT_CONVERSION = YES;
				CLANG_WARN_OBJC_ROOT_CLASS = YES_ERROR;
				CLANG_WARN_SUSPICIOUS_MOVE = YES;
				CLANG_WARN_UNREACHABLE_CODE = YES;
				CLANG_WARN__DUPLICATE_METHOD_MATCH = YES;
				"CODE_SIGN_IDENTITY[sdk=iphoneos*]" = "iPhone Developer";
				COPY_PHASE_STRIP = NO;
				DEBUG_INFORMATION_FORMAT = "dwarf-with-dsym";
				ENABLE_NS_ASSERTIONS = NO;
				ENABLE_STRICT_OBJC_MSGSEND = YES;
				GCC_C_LANGUAGE_STANDARD = gnu99;
				GCC_NO_COMMON_BLOCKS = YES;
				GCC_WARN_64_TO_32_BIT_CONVERSION = YES;
				GCC_WARN_ABOUT_RETURN_TYPE = YES_ERROR;
				GCC_WARN_UNDECLARED_SELECTOR = YES;
				GCC_WARN_UNINITIALIZED_AUTOS = YES_AGGRESSIVE;
				GCC_WARN_UNUSED_FUNCTION = YES;
				GCC_WARN_UNUSED_VARIABLE = YES;
				IPHONEOS_DEPLOYMENT_TARGET = 10.3;
				MTL_ENABLE_DEBUG_INFO = NO;
				SDKROOT = iphoneos;
				SWIFT_OPTIMIZATION_LEVEL = "-Owholemodule";
				TARGETED_DEVICE_FAMILY = "1,2";
				VALIDATE_PRODUCT = YES;
			};
			name = Release;
		};
		39FCBC471EC69A360077EC5A /* Debug */ = {
			isa = XCBuildConfiguration;
			buildSettings = {
				ASSETCATALOG_COMPILER_APPICON_NAME = AppIcon;
				INFOPLIST_FILE = "Week Six/Info.plist";
				LD_RUNPATH_SEARCH_PATHS = "$(inherited) @executable_path/Frameworks";
				PRODUCT_BUNDLE_IDENTIFIER = "iOS.Week-Six";
				PRODUCT_NAME = "$(TARGET_NAME)";
				SWIFT_VERSION = 3.0;
			};
			name = Debug;
		};
		39FCBC481EC69A360077EC5A /* Release */ = {
			isa = XCBuildConfiguration;
			buildSettings = {
				ASSETCATALOG_COMPILER_APPICON_NAME = AppIcon;
				INFOPLIST_FILE = "Week Six/Info.plist";
				LD_RUNPATH_SEARCH_PATHS = "$(inherited) @executable_path/Frameworks";
				PRODUCT_BUNDLE_IDENTIFIER = "iOS.Week-Six";
				PRODUCT_NAME = "$(TARGET_NAME)";
				SWIFT_VERSION = 3.0;
			};
			name = Release;
		};
		39FCBC4A1EC69A360077EC5A /* Debug */ = {
			isa = XCBuildConfiguration;
			buildSettings = {
				ALWAYS_EMBED_SWIFT_STANDARD_LIBRARIES = YES;
				BUNDLE_LOADER = "$(TEST_HOST)";
				INFOPLIST_FILE = "Week SixTests/Info.plist";
				LD_RUNPATH_SEARCH_PATHS = "$(inherited) @executable_path/Frameworks @loader_path/Frameworks";
				PRODUCT_BUNDLE_IDENTIFIER = "iOS.Week-SixTests";
				PRODUCT_NAME = "$(TARGET_NAME)";
				SWIFT_VERSION = 3.0;
				TEST_HOST = "$(BUILT_PRODUCTS_DIR)/Week Six.app/Week Six";
			};
			name = Debug;
		};
		39FCBC4B1EC69A360077EC5A /* Release */ = {
			isa = XCBuildConfiguration;
			buildSettings = {
				ALWAYS_EMBED_SWIFT_STANDARD_LIBRARIES = YES;
				BUNDLE_LOADER = "$(TEST_HOST)";
				INFOPLIST_FILE = "Week SixTests/Info.plist";
				LD_RUNPATH_SEARCH_PATHS = "$(inherited) @executable_path/Frameworks @loader_path/Frameworks";
				PRODUCT_BUNDLE_IDENTIFIER = "iOS.Week-SixTests";
				PRODUCT_NAME = "$(TARGET_NAME)";
				SWIFT_VERSION = 3.0;
				TEST_HOST = "$(BUILT_PRODUCTS_DIR)/Week Six.app/Week Six";
			};
			name = Release;
		};
		39FCBC4D1EC69A360077EC5A /* Debug */ = {
			isa = XCBuildConfiguration;
			buildSettings = {
				ALWAYS_EMBED_SWIFT_STANDARD_LIBRARIES = YES;
				INFOPLIST_FILE = "Week SixUITests/Info.plist";
				LD_RUNPATH_SEARCH_PATHS = "$(inherited) @executable_path/Frameworks @loader_path/Frameworks";
				PRODUCT_BUNDLE_IDENTIFIER = "iOS.Week-SixUITests";
				PRODUCT_NAME = "$(TARGET_NAME)";
				SWIFT_VERSION = 3.0;
				TEST_TARGET_NAME = "Week Six";
			};
			name = Debug;
		};
		39FCBC4E1EC69A360077EC5A /* Release */ = {
			isa = XCBuildConfiguration;
			buildSettings = {
				ALWAYS_EMBED_SWIFT_STANDARD_LIBRARIES = YES;
				INFOPLIST_FILE = "Week SixUITests/Info.plist";
				LD_RUNPATH_SEARCH_PATHS = "$(inherited) @executable_path/Frameworks @loader_path/Frameworks";
				PRODUCT_BUNDLE_IDENTIFIER = "iOS.Week-SixUITests";
				PRODUCT_NAME = "$(TARGET_NAME)";
				SWIFT_VERSION = 3.0;
				TEST_TARGET_NAME = "Week Six";
			};
			name = Release;
		};
/* End XCBuildConfiguration section */

/* Begin XCConfigurationList section */
		39FCBC191EC69A360077EC5A /* Build configuration list for PBXProject "Week Six" */ = {
			isa = XCConfigurationList;
			buildConfigurations = (
				39FCBC441EC69A360077EC5A /* Debug */,
				39FCBC451EC69A360077EC5A /* Release */,
			);
			defaultConfigurationIsVisible = 0;
			defaultConfigurationName = Release;
		};
		39FCBC461EC69A360077EC5A /* Build configuration list for PBXNativeTarget "Week Six" */ = {
			isa = XCConfigurationList;
			buildConfigurations = (
				39FCBC471EC69A360077EC5A /* Debug */,
				39FCBC481EC69A360077EC5A /* Release */,
			);
			defaultConfigurationIsVisible = 0;
		};
		39FCBC491EC69A360077EC5A /* Build configuration list for PBXNativeTarget "Week SixTests" */ = {
			isa = XCConfigurationList;
			buildConfigurations = (
				39FCBC4A1EC69A360077EC5A /* Debug */,
				39FCBC4B1EC69A360077EC5A /* Release */,
			);
			defaultConfigurationIsVisible = 0;
		};
		39FCBC4C1EC69A360077EC5A /* Build configuration list for PBXNativeTarget "Week SixUITests" */ = {
			isa = XCConfigurationList;
			buildConfigurations = (
				39FCBC4D1EC69A360077EC5A /* Debug */,
				39FCBC4E1EC69A360077EC5A /* Release */,
			);
			defaultConfigurationIsVisible = 0;
		};
/* End XCConfigurationList section */
	};
	rootObject = 39FCBC161EC69A360077EC5A /* Project object */;
}
